{
  "requires": true,
  "lockfileVersion": 1,
  "dependencies": {
    "redux-persist": {
      "version": "5.10.0",
      "resolved": "https://registry.npmjs.org/redux-persist/-/redux-persist-5.10.0.tgz",
      "integrity": "sha512-sSJAzNq7zka3qVHKce1hbvqf0Vf5DuTVm7dr4GtsqQVOexnrvbV47RWFiPxQ8fscnyiuWyD2O92DOxPl0tGCRg=="
    }
  }
}
